
Microsoft Visual Studio Solution File, Format Version 12.00
# Visual Studio Version 17
VisualStudioVersion = 17.5.002.0
MinimumVisualStudioVersion = 10.0.40219.1
Project("{2150E333-8FDC-42A3-9474-1A3956D46DE8}") = "Finished", "Finished", "{0B395F16-F05F-4739-BFCB-640ADD1BE5AF}"
EndProject
Project("{2150E333-8FDC-42A3-9474-1A3956D46DE8}") = "Classes", "Classes", "{FC423EB8-6017-4694-AE4A-BE6E19286D1C}"
EndProject
Project("{9A19103F-16F7-4668-BE54-9A1E7A4F7556}") = "Defining", "Finished\Classes\Defining\Defining.csproj", "{2DFCC956-91E9-4A96-9243-0E858EAC7D00}"
EndProject
Project("{9A19103F-16F7-4668-BE54-9A1E7A4F7556}") = "Inheritance", "Finished\Classes\Inheritance\Inheritance.csproj", "{5F42A3A8-B3D2-40C0-8049-377ACC1C5D13}"
EndProject
Project("{9A19103F-16F7-4668-BE54-9A1E7A4F7556}") = "Modifiers", "Finished\Classes\Modifiers\Modifiers.csproj", "{40CB3CE4-02F5-4FC7-A1F2-1DD74FBF4D4F}"
EndProject
Project("{9A19103F-16F7-4668-BE54-9A1E7A4F7556}") = "ProgChallenge", "Finished\Classes\ProgChallenge\ProgChallenge.csproj", "{5CBB9D2F-177F-48DD-B228-342E3C9D4D71}"
EndProject
Project("{9A19103F-16F7-4668-BE54-9A1E7A4F7556}") = "Properties", "Finished\Classes\Properties\Properties.csproj", "{148CE832-8332-4AF5-B661-DF18672760C7}"
EndProject
Project("{9A19103F-16F7-4668-BE54-9A1E7A4F7556}") = "StringRep", "Finished\Classes\StringRep\StringRep.csproj", "{2543997C-6D25-4C92-AFA6-2E55C672C2F1}"
EndProject
Project("{2150E333-8FDC-42A3-9474-1A3956D46DE8}") = "Functions", "Functions", "{53DA41DE-3295-4654-AFA0-2E666F91058A}"
EndProject
Project("{9A19103F-16F7-4668-BE54-9A1E7A4F7556}") = "Basics", "Finished\Functions\Basics\Basics.csproj", "{1027E3DE-00F1-4271-AB99-9FECA4F33D2D}"
EndProject
Project("{9A19103F-16F7-4668-BE54-9A1E7A4F7556}") = "Params", "Finished\Functions\DefaultParams\Params.csproj", "{42630806-9290-4051-AFCB-75D036DF8450}"
EndProject
Project("{9A19103F-16F7-4668-BE54-9A1E7A4F7556}") = "MultiValues", "Finished\Functions\MultiValues\MultiValues.csproj", "{A7495263-367E-41D4-BDF1-B6F15461A57C}"
EndProject
Project("{9A19103F-16F7-4668-BE54-9A1E7A4F7556}") = "ProgChallenge", "Finished\Functions\ProgChallenge\ProgChallenge.csproj", "{77E3E73E-B9CC-439B-973A-8F8910D34971}"
EndProject
Project("{9A19103F-16F7-4668-BE54-9A1E7A4F7556}") = "RefAndOut", "Finished\Functions\RefAndOutParams\RefAndOut.csproj", "{83AE8EFC-EEE0-46A8-9864-74CD39B231C9}"
EndProject
Project("{2150E333-8FDC-42A3-9474-1A3956D46DE8}") = "Overview", "Overview", "{52FC18DB-20C3-469B-9EC9-B49767007CA1}"
EndProject
Project("{9A19103F-16F7-4668-BE54-9A1E7A4F7556}") = "Comments", "Finished\Overview\Comments\Comments.csproj", "{9E087743-CB23-423C-8CB0-822013F708E2}"
EndProject
Project("{9A19103F-16F7-4668-BE54-9A1E7A4F7556}") = "HelloWorld", "Finished\Overview\HelloWorld\HelloWorld.csproj", "{7D4E2845-139B-45DE-9E59-5DFFE5AB29D6}"
EndProject
Project("{9A19103F-16F7-4668-BE54-9A1E7A4F7556}") = "Operators", "Finished\Overview\Operators\Operators.csproj", "{786F4042-7F4B-4107-92AA-9CFB90473B5C}"
EndProject
Project("{9A19103F-16F7-4668-BE54-9A1E7A4F7556}") = "VarsAndData", "Finished\Overview\VarsAndData\VarsAndData.csproj", "{AC02F193-1A49-48D2-B9C4-31994FB9C021}"
EndProject
Project("{2150E333-8FDC-42A3-9474-1A3956D46DE8}") = "Program Flow", "Program Flow", "{36257E80-7B33-4951-B773-5A0A510E6D17}"
EndProject
Project("{9A19103F-16F7-4668-BE54-9A1E7A4F7556}") = "BreakContinue", "Finished\Program Flow\BreakContinue\BreakContinue.csproj", "{89FBF529-750B-4D55-B569-5D04151681FC}"
EndProject
Project("{9A19103F-16F7-4668-BE54-9A1E7A4F7556}") = "Conditionals", "Finished\Program Flow\Conditional-if\Conditionals.csproj", "{929AEF2A-DC22-4BD9-B699-C67959EB0027}"
EndProject
Project("{9A19103F-16F7-4668-BE54-9A1E7A4F7556}") = "ConditionalOps", "Finished\Program Flow\Conditional-switch\ConditionalOps.csproj", "{E967AD6D-A372-49F1-90D6-4A0A4D4C3731}"
EndProject
Project("{9A19103F-16F7-4668-BE54-9A1E7A4F7556}") = "Exceptions", "Finished\Program Flow\Exceptions\Exceptions.csproj", "{139828DE-B6C2-43BD-B495-8589E855AF7A}"
EndProject
Project("{9A19103F-16F7-4668-BE54-9A1E7A4F7556}") = "ForLoops", "Finished\Program Flow\ForLoops\ForLoops.csproj", "{BEE7766D-517F-4D8A-B2D5-F1E20C2CE987}"
EndProject
Project("{9A19103F-16F7-4668-BE54-9A1E7A4F7556}") = "WhileLoops", "Finished\Program Flow\WhileLoops\WhileLoops.csproj", "{AF17BC7D-DF9D-402A-9EC7-FAFC704C7FCD}"
EndProject
Project("{2150E333-8FDC-42A3-9474-1A3956D46DE8}") = "Strings", "Strings", "{EE3DCCBC-6273-4519-8044-3C8151C54BC6}"
EndProject
Project("{9A19103F-16F7-4668-BE54-9A1E7A4F7556}") = "Builder", "Finished\Strings\Builder\Builder.csproj", "{D6B916A3-DA45-4AED-BECC-F3162B4CDC8E}"
EndProject
Project("{9A19103F-16F7-4668-BE54-9A1E7A4F7556}") = "Formatting", "Finished\Strings\Formatting\Formatting.csproj", "{ADDCE9D7-BDEF-44FC-BB92-9CD17CEF51A6}"
EndProject
Project("{9A19103F-16F7-4668-BE54-9A1E7A4F7556}") = "Strings", "Finished\Strings\Interpolation\Strings.csproj", "{AC9B84FE-0E90-4C04-B380-F76AD1F855E8}"
EndProject
Project("{9A19103F-16F7-4668-BE54-9A1E7A4F7556}") = "Operations", "Finished\Strings\Operations\Operations.csproj", "{9916806F-445A-425D-8085-63C359B64058}"
EndProject
Project("{9A19103F-16F7-4668-BE54-9A1E7A4F7556}") = "Parsing", "Finished\Strings\Parsing\Parsing.csproj", "{BAB77CA4-6C5B-45E2-A38E-4C2F153DBAE6}"
EndProject
Project("{9A19103F-16F7-4668-BE54-9A1E7A4F7556}") = "ProgChallenge", "Finished\Strings\ProgChallengeFinished\ProgChallenge.csproj", "{16051357-66F1-4325-9875-A6EC1F41445E}"
EndProject
Project("{9A19103F-16F7-4668-BE54-9A1E7A4F7556}") = "ProgChallengeStart", "Finished\Strings\ProgChallengeStart\ProgChallengeStart.csproj", "{8C0C2912-9C46-458D-BF55-B4309DA82855}"
EndProject
Project("{2150E333-8FDC-42A3-9474-1A3956D46DE8}") = "Start", "Start", "{19CCD4A6-C41C-4D86-9051-78C0319E8631}"
EndProject
Project("{2150E333-8FDC-42A3-9474-1A3956D46DE8}") = "Classes", "Classes", "{3F3A4C74-F218-465F-AC0D-F3BA25ABA771}"
EndProject
Project("{9A19103F-16F7-4668-BE54-9A1E7A4F7556}") = "Defining", "Start\Classes\Defining\Defining.csproj", "{0C29894A-28BC-4216-AFFB-E05D8F7517EC}"
EndProject
Project("{9A19103F-16F7-4668-BE54-9A1E7A4F7556}") = "Inheritance", "Start\Classes\Inheritance\Inheritance.csproj", "{FA30D16A-8912-418B-AA49-B984DCF7DD68}"
EndProject
Project("{9A19103F-16F7-4668-BE54-9A1E7A4F7556}") = "Modifiers", "Start\Classes\Modifiers\Modifiers.csproj", "{5D8899B5-B27E-4D72-AB36-36D14AC78994}"
EndProject
Project("{9A19103F-16F7-4668-BE54-9A1E7A4F7556}") = "ProgChallenge", "Start\Classes\ProgChallenge\ProgChallenge.csproj", "{30752D98-71B3-4E5F-A9FF-4D70393C22FA}"
EndProject
Project("{9A19103F-16F7-4668-BE54-9A1E7A4F7556}") = "Properties", "Start\Classes\Properties\Properties.csproj", "{4C681B6B-3C48-45C5-B91F-766DA932D827}"
EndProject
Project("{9A19103F-16F7-4668-BE54-9A1E7A4F7556}") = "StringRep", "Start\Classes\StringRep\StringRep.csproj", "{7C07EA68-9B6B-41C6-8C38-2A72B8DE3D12}"
EndProject
Project("{2150E333-8FDC-42A3-9474-1A3956D46DE8}") = "Functions", "Functions", "{DF7251A9-7477-4A7B-AC21-8A4D54BB72B3}"
EndProject
Project("{9A19103F-16F7-4668-BE54-9A1E7A4F7556}") = "Basics", "Start\Functions\Basics\Basics.csproj", "{779A0C58-B393-4AEE-9EA0-79B63E12DF46}"
EndProject
Project("{9A19103F-16F7-4668-BE54-9A1E7A4F7556}") = "Params", "Start\Functions\DefaultParams\Params.csproj", "{23B2C2BC-24BD-4C6F-B3D0-B17DFA8D22B5}"
EndProject
Project("{9A19103F-16F7-4668-BE54-9A1E7A4F7556}") = "MultiValues", "Start\Functions\MultiValues\MultiValues.csproj", "{CBD971EB-BA18-4D97-9B82-00323650EB5F}"
EndProject
Project("{9A19103F-16F7-4668-BE54-9A1E7A4F7556}") = "ProgChallenge", "Start\Functions\ProgChallenge\ProgChallenge.csproj", "{3AAD350E-6F78-4C85-BEAE-63EB0B335654}"
EndProject
Project("{9A19103F-16F7-4668-BE54-9A1E7A4F7556}") = "RefAndOut", "Start\Functions\RefAndOutParams\RefAndOut.csproj", "{298B955E-D28B-4C31-96D9-AF98259DD264}"
EndProject
Project("{2150E333-8FDC-42A3-9474-1A3956D46DE8}") = "Overview", "Overview", "{9E619E2E-0A44-425B-9B92-B23882A58740}"
EndProject
Project("{9A19103F-16F7-4668-BE54-9A1E7A4F7556}") = "Comments", "Start\Overview\Comments\Comments.csproj", "{A73B2D56-13CB-4B6B-B766-F44DDF0A62DF}"
EndProject
Project("{9A19103F-16F7-4668-BE54-9A1E7A4F7556}") = "HelloWorld", "Start\Overview\HelloWorld\HelloWorld.csproj", "{A4FE1333-4C76-4511-96E3-31740C2499B1}"
EndProject
Project("{9A19103F-16F7-4668-BE54-9A1E7A4F7556}") = "Operators", "Start\Overview\Operators\Operators.csproj", "{74575EF6-CFF3-4EAF-8FAF-12958A2E9457}"
EndProject
Project("{9A19103F-16F7-4668-BE54-9A1E7A4F7556}") = "VarsAndData", "Start\Overview\VarsAndData\VarsAndData.csproj", "{0ADBFFD4-09EF-46A3-AEE0-98793BAF5139}"
EndProject
Project("{2150E333-8FDC-42A3-9474-1A3956D46DE8}") = "Program Flow", "Program Flow", "{758E2DDD-F98D-4058-BF80-3C150E775A75}"
EndProject
Project("{9A19103F-16F7-4668-BE54-9A1E7A4F7556}") = "BreakContinue", "Start\Program Flow\BreakContinue\BreakContinue.csproj", "{BD34E613-27D4-4335-95DF-A96A64670F1A}"
EndProject
Project("{9A19103F-16F7-4668-BE54-9A1E7A4F7556}") = "Conditionals", "Start\Program Flow\Conditional-if\Conditionals.csproj", "{40E8C109-28FA-4EDF-86CE-56D4C9028380}"
EndProject
Project("{9A19103F-16F7-4668-BE54-9A1E7A4F7556}") = "ConditionalOps", "Start\Program Flow\Conditional-switch\ConditionalOps.csproj", "{668CBC39-16A7-4782-BA13-1923AAC2732E}"
EndProject
Project("{9A19103F-16F7-4668-BE54-9A1E7A4F7556}") = "Exceptions", "Start\Program Flow\Exceptions\Exceptions.csproj", "{58B271F9-0F94-42B6-8BDE-C5D5DE723BA1}"
EndProject
Project("{9A19103F-16F7-4668-BE54-9A1E7A4F7556}") = "ForLoops", "Start\Program Flow\ForLoops\ForLoops.csproj", "{BD71B8EC-6E1C-4462-8623-E2FCFDBDB9D4}"
EndProject
Project("{9A19103F-16F7-4668-BE54-9A1E7A4F7556}") = "WhileLoops", "Start\Program Flow\WhileLoops\WhileLoops.csproj", "{1F94A760-D57C-4101-A9B8-85B998FC0EAD}"
EndProject
Project("{2150E333-8FDC-42A3-9474-1A3956D46DE8}") = "Strings", "Strings", "{A50C15DD-A0A7-4D43-A8E8-CF30FA5CF3E1}"
EndProject
Project("{9A19103F-16F7-4668-BE54-9A1E7A4F7556}") = "Builder", "Start\Strings\Builder\Builder.csproj", "{16BB0926-2EA8-4D1E-95D9-ABE3D08E6814}"
EndProject
Project("{9A19103F-16F7-4668-BE54-9A1E7A4F7556}") = "Formatting", "Start\Strings\Formatting\Formatting.csproj", "{10465751-1BC9-430A-ABF3-07F0AE0B4B82}"
EndProject
Project("{9A19103F-16F7-4668-BE54-9A1E7A4F7556}") = "Strings", "Start\Strings\Interpolation\Strings.csproj", "{200276AA-4C31-4B1D-977A-B375A3B9C1EC}"
EndProject
Project("{9A19103F-16F7-4668-BE54-9A1E7A4F7556}") = "Operations", "Start\Strings\Operations\Operations.csproj", "{066B7B68-8AEF-4D37-8FEA-CACE951E0C19}"
EndProject
Project("{9A19103F-16F7-4668-BE54-9A1E7A4F7556}") = "Parsing", "Start\Strings\Parsing\Parsing.csproj", "{C46E4C26-4A03-478A-BEAB-28623DC7E04C}"
EndProject
Project("{9A19103F-16F7-4668-BE54-9A1E7A4F7556}") = "ProgChallengeStart", "Start\Strings\ProgChallengeStart\ProgChallengeStart.csproj", "{CF784447-EEA4-4E9C-8C32-299E9FE53502}"
EndProject
Global
	GlobalSection(SolutionConfigurationPlatforms) = preSolution
		Debug|Any CPU = Debug|Any CPU
		Release|Any CPU = Release|Any CPU
	EndGlobalSection
	GlobalSection(ProjectConfigurationPlatforms) = postSolution
		{2DFCC956-91E9-4A96-9243-0E858EAC7D00}.Debug|Any CPU.ActiveCfg = Debug|Any CPU
		{2DFCC956-91E9-4A96-9243-0E858EAC7D00}.Debug|Any CPU.Build.0 = Debug|Any CPU
		{2DFCC956-91E9-4A96-9243-0E858EAC7D00}.Release|Any CPU.ActiveCfg = Release|Any CPU
		{2DFCC956-91E9-4A96-9243-0E858EAC7D00}.Release|Any CPU.Build.0 = Release|Any CPU
		{5F42A3A8-B3D2-40C0-8049-377ACC1C5D13}.Debug|Any CPU.ActiveCfg = Debug|Any CPU
		{5F42A3A8-B3D2-40C0-8049-377ACC1C5D13}.Debug|Any CPU.Build.0 = Debug|Any CPU
		{5F42A3A8-B3D2-40C0-8049-377ACC1C5D13}.Release|Any CPU.ActiveCfg = Release|Any CPU
		{5F42A3A8-B3D2-40C0-8049-377ACC1C5D13}.Release|Any CPU.Build.0 = Release|Any CPU
		{40CB3CE4-02F5-4FC7-A1F2-1DD74FBF4D4F}.Debug|Any CPU.ActiveCfg = Debug|Any CPU
		{40CB3CE4-02F5-4FC7-A1F2-1DD74FBF4D4F}.Debug|Any CPU.Build.0 = Debug|Any CPU
		{40CB3CE4-02F5-4FC7-A1F2-1DD74FBF4D4F}.Release|Any CPU.ActiveCfg = Release|Any CPU
		{40CB3CE4-02F5-4FC7-A1F2-1DD74FBF4D4F}.Release|Any CPU.Build.0 = Release|Any CPU
		{5CBB9D2F-177F-48DD-B228-342E3C9D4D71}.Debug|Any CPU.ActiveCfg = Debug|Any CPU
		{5CBB9D2F-177F-48DD-B228-342E3C9D4D71}.Debug|Any CPU.Build.0 = Debug|Any CPU
		{5CBB9D2F-177F-48DD-B228-342E3C9D4D71}.Release|Any CPU.ActiveCfg = Release|Any CPU
		{5CBB9D2F-177F-48DD-B228-342E3C9D4D71}.Release|Any CPU.Build.0 = Release|Any CPU
		{148CE832-8332-4AF5-B661-DF18672760C7}.Debug|Any CPU.ActiveCfg = Debug|Any CPU
		{148CE832-8332-4AF5-B661-DF18672760C7}.Debug|Any CPU.Build.0 = Debug|Any CPU
		{148CE832-8332-4AF5-B661-DF18672760C7}.Release|Any CPU.ActiveCfg = Release|Any CPU
		{148CE832-8332-4AF5-B661-DF18672760C7}.Release|Any CPU.Build.0 = Release|Any CPU
		{2543997C-6D25-4C92-AFA6-2E55C672C2F1}.Debug|Any CPU.ActiveCfg = Debug|Any CPU
		{2543997C-6D25-4C92-AFA6-2E55C672C2F1}.Debug|Any CPU.Build.0 = Debug|Any CPU
		{2543997C-6D25-4C92-AFA6-2E55C672C2F1}.Release|Any CPU.ActiveCfg = Release|Any CPU
		{2543997C-6D25-4C92-AFA6-2E55C672C2F1}.Release|Any CPU.Build.0 = Release|Any CPU
		{1027E3DE-00F1-4271-AB99-9FECA4F33D2D}.Debug|Any CPU.ActiveCfg = Debug|Any CPU
		{1027E3DE-00F1-4271-AB99-9FECA4F33D2D}.Debug|Any CPU.Build.0 = Debug|Any CPU
		{1027E3DE-00F1-4271-AB99-9FECA4F33D2D}.Release|Any CPU.ActiveCfg = Release|Any CPU
		{1027E3DE-00F1-4271-AB99-9FECA4F33D2D}.Release|Any CPU.Build.0 = Release|Any CPU
		{42630806-9290-4051-AFCB-75D036DF8450}.Debug|Any CPU.ActiveCfg = Debug|Any CPU
		{42630806-9290-4051-AFCB-75D036DF8450}.Debug|Any CPU.Build.0 = Debug|Any CPU
		{42630806-9290-4051-AFCB-75D036DF8450}.Release|Any CPU.ActiveCfg = Release|Any CPU
		{42630806-9290-4051-AFCB-75D036DF8450}.Release|Any CPU.Build.0 = Release|Any CPU
		{A7495263-367E-41D4-BDF1-B6F15461A57C}.Debug|Any CPU.ActiveCfg = Debug|Any CPU
		{A7495263-367E-41D4-BDF1-B6F15461A57C}.Debug|Any CPU.Build.0 = Debug|Any CPU
		{A7495263-367E-41D4-BDF1-B6F15461A57C}.Release|Any CPU.ActiveCfg = Release|Any CPU
		{A7495263-367E-41D4-BDF1-B6F15461A57C}.Release|Any CPU.Build.0 = Release|Any CPU
		{77E3E73E-B9CC-439B-973A-8F8910D34971}.Debug|Any CPU.ActiveCfg = Debug|Any CPU
		{77E3E73E-B9CC-439B-973A-8F8910D34971}.Debug|Any CPU.Build.0 = Debug|Any CPU
		{77E3E73E-B9CC-439B-973A-8F8910D34971}.Release|Any CPU.ActiveCfg = Release|Any CPU
		{77E3E73E-B9CC-439B-973A-8F8910D34971}.Release|Any CPU.Build.0 = Release|Any CPU
		{83AE8EFC-EEE0-46A8-9864-74CD39B231C9}.Debug|Any CPU.ActiveCfg = Debug|Any CPU
		{83AE8EFC-EEE0-46A8-9864-74CD39B231C9}.Debug|Any CPU.Build.0 = Debug|Any CPU
		{83AE8EFC-EEE0-46A8-9864-74CD39B231C9}.Release|Any CPU.ActiveCfg = Release|Any CPU
		{83AE8EFC-EEE0-46A8-9864-74CD39B231C9}.Release|Any CPU.Build.0 = Release|Any CPU
		{9E087743-CB23-423C-8CB0-822013F708E2}.Debug|Any CPU.ActiveCfg = Debug|Any CPU
		{9E087743-CB23-423C-8CB0-822013F708E2}.Debug|Any CPU.Build.0 = Debug|Any CPU
		{9E087743-CB23-423C-8CB0-822013F708E2}.Release|Any CPU.ActiveCfg = Release|Any CPU
		{9E087743-CB23-423C-8CB0-822013F708E2}.Release|Any CPU.Build.0 = Release|Any CPU
		{7D4E2845-139B-45DE-9E59-5DFFE5AB29D6}.Debug|Any CPU.ActiveCfg = Debug|Any CPU
		{7D4E2845-139B-45DE-9E59-5DFFE5AB29D6}.Debug|Any CPU.Build.0 = Debug|Any CPU
		{7D4E2845-139B-45DE-9E59-5DFFE5AB29D6}.Release|Any CPU.ActiveCfg = Release|Any CPU
		{7D4E2845-139B-45DE-9E59-5DFFE5AB29D6}.Release|Any CPU.Build.0 = Release|Any CPU
		{786F4042-7F4B-4107-92AA-9CFB90473B5C}.Debug|Any CPU.ActiveCfg = Debug|Any CPU
		{786F4042-7F4B-4107-92AA-9CFB90473B5C}.Debug|Any CPU.Build.0 = Debug|Any CPU
		{786F4042-7F4B-4107-92AA-9CFB90473B5C}.Release|Any CPU.ActiveCfg = Release|Any CPU
		{786F4042-7F4B-4107-92AA-9CFB90473B5C}.Release|Any CPU.Build.0 = Release|Any CPU
		{AC02F193-1A49-48D2-B9C4-31994FB9C021}.Debug|Any CPU.ActiveCfg = Debug|Any CPU
		{AC02F193-1A49-48D2-B9C4-31994FB9C021}.Debug|Any CPU.Build.0 = Debug|Any CPU
		{AC02F193-1A49-48D2-B9C4-31994FB9C021}.Release|Any CPU.ActiveCfg = Release|Any CPU
		{AC02F193-1A49-48D2-B9C4-31994FB9C021}.Release|Any CPU.Build.0 = Release|Any CPU
		{89FBF529-750B-4D55-B569-5D04151681FC}.Debug|Any CPU.ActiveCfg = Debug|Any CPU
		{89FBF529-750B-4D55-B569-5D04151681FC}.Debug|Any CPU.Build.0 = Debug|Any CPU
		{89FBF529-750B-4D55-B569-5D04151681FC}.Release|Any CPU.ActiveCfg = Release|Any CPU
		{89FBF529-750B-4D55-B569-5D04151681FC}.Release|Any CPU.Build.0 = Release|Any CPU
		{929AEF2A-DC22-4BD9-B699-C67959EB0027}.Debug|Any CPU.ActiveCfg = Debug|Any CPU
		{929AEF2A-DC22-4BD9-B699-C67959EB0027}.Debug|Any CPU.Build.0 = Debug|Any CPU
		{929AEF2A-DC22-4BD9-B699-C67959EB0027}.Release|Any CPU.ActiveCfg = Release|Any CPU
		{929AEF2A-DC22-4BD9-B699-C67959EB0027}.Release|Any CPU.Build.0 = Release|Any CPU
		{E967AD6D-A372-49F1-90D6-4A0A4D4C3731}.Debug|Any CPU.ActiveCfg = Debug|Any CPU
		{E967AD6D-A372-49F1-90D6-4A0A4D4C3731}.Debug|Any CPU.Build.0 = Debug|Any CPU
		{E967AD6D-A372-49F1-90D6-4A0A4D4C3731}.Release|Any CPU.ActiveCfg = Release|Any CPU
		{E967AD6D-A372-49F1-90D6-4A0A4D4C3731}.Release|Any CPU.Build.0 = Release|Any CPU
		{139828DE-B6C2-43BD-B495-8589E855AF7A}.Debug|Any CPU.ActiveCfg = Debug|Any CPU
		{139828DE-B6C2-43BD-B495-8589E855AF7A}.Debug|Any CPU.Build.0 = Debug|Any CPU
		{139828DE-B6C2-43BD-B495-8589E855AF7A}.Release|Any CPU.ActiveCfg = Release|Any CPU
		{139828DE-B6C2-43BD-B495-8589E855AF7A}.Release|Any CPU.Build.0 = Release|Any CPU
		{BEE7766D-517F-4D8A-B2D5-F1E20C2CE987}.Debug|Any CPU.ActiveCfg = Debug|Any CPU
		{BEE7766D-517F-4D8A-B2D5-F1E20C2CE987}.Debug|Any CPU.Build.0 = Debug|Any CPU
		{BEE7766D-517F-4D8A-B2D5-F1E20C2CE987}.Release|Any CPU.ActiveCfg = Release|Any CPU
		{BEE7766D-517F-4D8A-B2D5-F1E20C2CE987}.Release|Any CPU.Build.0 = Release|Any CPU
		{AF17BC7D-DF9D-402A-9EC7-FAFC704C7FCD}.Debug|Any CPU.ActiveCfg = Debug|Any CPU
		{AF17BC7D-DF9D-402A-9EC7-FAFC704C7FCD}.Debug|Any CPU.Build.0 = Debug|Any CPU
		{AF17BC7D-DF9D-402A-9EC7-FAFC704C7FCD}.Release|Any CPU.ActiveCfg = Release|Any CPU
		{AF17BC7D-DF9D-402A-9EC7-FAFC704C7FCD}.Release|Any CPU.Build.0 = Release|Any CPU
		{D6B916A3-DA45-4AED-BECC-F3162B4CDC8E}.Debug|Any CPU.ActiveCfg = Debug|Any CPU
		{D6B916A3-DA45-4AED-BECC-F3162B4CDC8E}.Debug|Any CPU.Build.0 = Debug|Any CPU
		{D6B916A3-DA45-4AED-BECC-F3162B4CDC8E}.Release|Any CPU.ActiveCfg = Release|Any CPU
		{D6B916A3-DA45-4AED-BECC-F3162B4CDC8E}.Release|Any CPU.Build.0 = Release|Any CPU
		{ADDCE9D7-BDEF-44FC-BB92-9CD17CEF51A6}.Debug|Any CPU.ActiveCfg = Debug|Any CPU
		{ADDCE9D7-BDEF-44FC-BB92-9CD17CEF51A6}.Debug|Any CPU.Build.0 = Debug|Any CPU
		{ADDCE9D7-BDEF-44FC-BB92-9CD17CEF51A6}.Release|Any CPU.ActiveCfg = Release|Any CPU
		{ADDCE9D7-BDEF-44FC-BB92-9CD17CEF51A6}.Release|Any CPU.Build.0 = Release|Any CPU
		{AC9B84FE-0E90-4C04-B380-F76AD1F855E8}.Debug|Any CPU.ActiveCfg = Debug|Any CPU
		{AC9B84FE-0E90-4C04-B380-F76AD1F855E8}.Debug|Any CPU.Build.0 = Debug|Any CPU
		{AC9B84FE-0E90-4C04-B380-F76AD1F855E8}.Release|Any CPU.ActiveCfg = Release|Any CPU
		{AC9B84FE-0E90-4C04-B380-F76AD1F855E8}.Release|Any CPU.Build.0 = Release|Any CPU
		{9916806F-445A-425D-8085-63C359B64058}.Debug|Any CPU.ActiveCfg = Debug|Any CPU
		{9916806F-445A-425D-8085-63C359B64058}.Debug|Any CPU.Build.0 = Debug|Any CPU
		{9916806F-445A-425D-8085-63C359B64058}.Release|Any CPU.ActiveCfg = Release|Any CPU
		{9916806F-445A-425D-8085-63C359B64058}.Release|Any CPU.Build.0 = Release|Any CPU
		{BAB77CA4-6C5B-45E2-A38E-4C2F153DBAE6}.Debug|Any CPU.ActiveCfg = Debug|Any CPU
		{BAB77CA4-6C5B-45E2-A38E-4C2F153DBAE6}.Debug|Any CPU.Build.0 = Debug|Any CPU
		{BAB77CA4-6C5B-45E2-A38E-4C2F153DBAE6}.Release|Any CPU.ActiveCfg = Release|Any CPU
		{BAB77CA4-6C5B-45E2-A38E-4C2F153DBAE6}.Release|Any CPU.Build.0 = Release|Any CPU
		{16051357-66F1-4325-9875-A6EC1F41445E}.Debug|Any CPU.ActiveCfg = Debug|Any CPU
		{16051357-66F1-4325-9875-A6EC1F41445E}.Debug|Any CPU.Build.0 = Debug|Any CPU
		{16051357-66F1-4325-9875-A6EC1F41445E}.Release|Any CPU.ActiveCfg = Release|Any CPU
		{16051357-66F1-4325-9875-A6EC1F41445E}.Release|Any CPU.Build.0 = Release|Any CPU
		{8C0C2912-9C46-458D-BF55-B4309DA82855}.Debug|Any CPU.ActiveCfg = Debug|Any CPU
		{8C0C2912-9C46-458D-BF55-B4309DA82855}.Debug|Any CPU.Build.0 = Debug|Any CPU
		{8C0C2912-9C46-458D-BF55-B4309DA82855}.Release|Any CPU.ActiveCfg = Release|Any CPU
		{8C0C2912-9C46-458D-BF55-B4309DA82855}.Release|Any CPU.Build.0 = Release|Any CPU
		{0C29894A-28BC-4216-AFFB-E05D8F7517EC}.Debug|Any CPU.ActiveCfg = Debug|Any CPU
		{0C29894A-28BC-4216-AFFB-E05D8F7517EC}.Debug|Any CPU.Build.0 = Debug|Any CPU
		{0C29894A-28BC-4216-AFFB-E05D8F7517EC}.Release|Any CPU.ActiveCfg = Release|Any CPU
		{0C29894A-28BC-4216-AFFB-E05D8F7517EC}.Release|Any CPU.Build.0 = Release|Any CPU
		{FA30D16A-8912-418B-AA49-B984DCF7DD68}.Debug|Any CPU.ActiveCfg = Debug|Any CPU
		{FA30D16A-8912-418B-AA49-B984DCF7DD68}.Debug|Any CPU.Build.0 = Debug|Any CPU
		{FA30D16A-8912-418B-AA49-B984DCF7DD68}.Release|Any CPU.ActiveCfg = Release|Any CPU
		{FA30D16A-8912-418B-AA49-B984DCF7DD68}.Release|Any CPU.Build.0 = Release|Any CPU
		{5D8899B5-B27E-4D72-AB36-36D14AC78994}.Debug|Any CPU.ActiveCfg = Debug|Any CPU
		{5D8899B5-B27E-4D72-AB36-36D14AC78994}.Debug|Any CPU.Build.0 = Debug|Any CPU
		{5D8899B5-B27E-4D72-AB36-36D14AC78994}.Release|Any CPU.ActiveCfg = Release|Any CPU
		{5D8899B5-B27E-4D72-AB36-36D14AC78994}.Release|Any CPU.Build.0 = Release|Any CPU
		{30752D98-71B3-4E5F-A9FF-4D70393C22FA}.Debug|Any CPU.ActiveCfg = Debug|Any CPU
		{30752D98-71B3-4E5F-A9FF-4D70393C22FA}.Debug|Any CPU.Build.0 = Debug|Any CPU
		{30752D98-71B3-4E5F-A9FF-4D70393C22FA}.Release|Any CPU.ActiveCfg = Release|Any CPU
		{30752D98-71B3-4E5F-A9FF-4D70393C22FA}.Release|Any CPU.Build.0 = Release|Any CPU
		{4C681B6B-3C48-45C5-B91F-766DA932D827}.Debug|Any CPU.ActiveCfg = Debug|Any CPU
		{4C681B6B-3C48-45C5-B91F-766DA932D827}.Debug|Any CPU.Build.0 = Debug|Any CPU
		{4C681B6B-3C48-45C5-B91F-766DA932D827}.Release|Any CPU.ActiveCfg = Release|Any CPU
		{4C681B6B-3C48-45C5-B91F-766DA932D827}.Release|Any CPU.Build.0 = Release|Any CPU
		{7C07EA68-9B6B-41C6-8C38-2A72B8DE3D12}.Debug|Any CPU.ActiveCfg = Debug|Any CPU
		{7C07EA68-9B6B-41C6-8C38-2A72B8DE3D12}.Debug|Any CPU.Build.0 = Debug|Any CPU
		{7C07EA68-9B6B-41C6-8C38-2A72B8DE3D12}.Release|Any CPU.ActiveCfg = Release|Any CPU
		{7C07EA68-9B6B-41C6-8C38-2A72B8DE3D12}.Release|Any CPU.Build.0 = Release|Any CPU
		{779A0C58-B393-4AEE-9EA0-79B63E12DF46}.Debug|Any CPU.ActiveCfg = Debug|Any CPU
		{779A0C58-B393-4AEE-9EA0-79B63E12DF46}.Debug|Any CPU.Build.0 = Debug|Any CPU
		{779A0C58-B393-4AEE-9EA0-79B63E12DF46}.Release|Any CPU.ActiveCfg = Release|Any CPU
		{779A0C58-B393-4AEE-9EA0-79B63E12DF46}.Release|Any CPU.Build.0 = Release|Any CPU
		{23B2C2BC-24BD-4C6F-B3D0-B17DFA8D22B5}.Debug|Any CPU.ActiveCfg = Debug|Any CPU
		{23B2C2BC-24BD-4C6F-B3D0-B17DFA8D22B5}.Debug|Any CPU.Build.0 = Debug|Any CPU
		{23B2C2BC-24BD-4C6F-B3D0-B17DFA8D22B5}.Release|Any CPU.ActiveCfg = Release|Any CPU
		{23B2C2BC-24BD-4C6F-B3D0-B17DFA8D22B5}.Release|Any CPU.Build.0 = Release|Any CPU
		{CBD971EB-BA18-4D97-9B82-00323650EB5F}.Debug|Any CPU.ActiveCfg = Debug|Any CPU
		{CBD971EB-BA18-4D97-9B82-00323650EB5F}.Debug|Any CPU.Build.0 = Debug|Any CPU
		{CBD971EB-BA18-4D97-9B82-00323650EB5F}.Release|Any CPU.ActiveCfg = Release|Any CPU
		{CBD971EB-BA18-4D97-9B82-00323650EB5F}.Release|Any CPU.Build.0 = Release|Any CPU
		{3AAD350E-6F78-4C85-BEAE-63EB0B335654}.Debug|Any CPU.ActiveCfg = Debug|Any CPU
		{3AAD350E-6F78-4C85-BEAE-63EB0B335654}.Debug|Any CPU.Build.0 = Debug|Any CPU
		{3AAD350E-6F78-4C85-BEAE-63EB0B335654}.Release|Any CPU.ActiveCfg = Release|Any CPU
		{3AAD350E-6F78-4C85-BEAE-63EB0B335654}.Release|Any CPU.Build.0 = Release|Any CPU
		{298B955E-D28B-4C31-96D9-AF98259DD264}.Debug|Any CPU.ActiveCfg = Debug|Any CPU
		{298B955E-D28B-4C31-96D9-AF98259DD264}.Debug|Any CPU.Build.0 = Debug|Any CPU
		{298B955E-D28B-4C31-96D9-AF98259DD264}.Release|Any CPU.ActiveCfg = Release|Any CPU
		{298B955E-D28B-4C31-96D9-AF98259DD264}.Release|Any CPU.Build.0 = Release|Any CPU
		{A73B2D56-13CB-4B6B-B766-F44DDF0A62DF}.Debug|Any CPU.ActiveCfg = Debug|Any CPU
		{A73B2D56-13CB-4B6B-B766-F44DDF0A62DF}.Debug|Any CPU.Build.0 = Debug|Any CPU
		{A73B2D56-13CB-4B6B-B766-F44DDF0A62DF}.Release|Any CPU.ActiveCfg = Release|Any CPU
		{A73B2D56-13CB-4B6B-B766-F44DDF0A62DF}.Release|Any CPU.Build.0 = Release|Any CPU
		{A4FE1333-4C76-4511-96E3-31740C2499B1}.Debug|Any CPU.ActiveCfg = Debug|Any CPU
		{A4FE1333-4C76-4511-96E3-31740C2499B1}.Debug|Any CPU.Build.0 = Debug|Any CPU
		{A4FE1333-4C76-4511-96E3-31740C2499B1}.Release|Any CPU.ActiveCfg = Release|Any CPU
		{A4FE1333-4C76-4511-96E3-31740C2499B1}.Release|Any CPU.Build.0 = Release|Any CPU
		{74575EF6-CFF3-4EAF-8FAF-12958A2E9457}.Debug|Any CPU.ActiveCfg = Debug|Any CPU
		{74575EF6-CFF3-4EAF-8FAF-12958A2E9457}.Debug|Any CPU.Build.0 = Debug|Any CPU
		{74575EF6-CFF3-4EAF-8FAF-12958A2E9457}.Release|Any CPU.ActiveCfg = Release|Any CPU
		{74575EF6-CFF3-4EAF-8FAF-12958A2E9457}.Release|Any CPU.Build.0 = Release|Any CPU
		{0ADBFFD4-09EF-46A3-AEE0-98793BAF5139}.Debug|Any CPU.ActiveCfg = Debug|Any CPU
		{0ADBFFD4-09EF-46A3-AEE0-98793BAF5139}.Debug|Any CPU.Build.0 = Debug|Any CPU
		{0ADBFFD4-09EF-46A3-AEE0-98793BAF5139}.Release|Any CPU.ActiveCfg = Release|Any CPU
		{0ADBFFD4-09EF-46A3-AEE0-98793BAF5139}.Release|Any CPU.Build.0 = Release|Any CPU
		{BD34E613-27D4-4335-95DF-A96A64670F1A}.Debug|Any CPU.ActiveCfg = Debug|Any CPU
		{BD34E613-27D4-4335-95DF-A96A64670F1A}.Debug|Any CPU.Build.0 = Debug|Any CPU
		{BD34E613-27D4-4335-95DF-A96A64670F1A}.Release|Any CPU.ActiveCfg = Release|Any CPU
		{BD34E613-27D4-4335-95DF-A96A64670F1A}.Release|Any CPU.Build.0 = Release|Any CPU
		{40E8C109-28FA-4EDF-86CE-56D4C9028380}.Debug|Any CPU.ActiveCfg = Debug|Any CPU
		{40E8C109-28FA-4EDF-86CE-56D4C9028380}.Debug|Any CPU.Build.0 = Debug|Any CPU
		{40E8C109-28FA-4EDF-86CE-56D4C9028380}.Release|Any CPU.ActiveCfg = Release|Any CPU
		{40E8C109-28FA-4EDF-86CE-56D4C9028380}.Release|Any CPU.Build.0 = Release|Any CPU
		{668CBC39-16A7-4782-BA13-1923AAC2732E}.Debug|Any CPU.ActiveCfg = Debug|Any CPU
		{668CBC39-16A7-4782-BA13-1923AAC2732E}.Debug|Any CPU.Build.0 = Debug|Any CPU
		{668CBC39-16A7-4782-BA13-1923AAC2732E}.Release|Any CPU.ActiveCfg = Release|Any CPU
		{668CBC39-16A7-4782-BA13-1923AAC2732E}.Release|Any CPU.Build.0 = Release|Any CPU
		{58B271F9-0F94-42B6-8BDE-C5D5DE723BA1}.Debug|Any CPU.ActiveCfg = Debug|Any CPU
		{58B271F9-0F94-42B6-8BDE-C5D5DE723BA1}.Debug|Any CPU.Build.0 = Debug|Any CPU
		{58B271F9-0F94-42B6-8BDE-C5D5DE723BA1}.Release|Any CPU.ActiveCfg = Release|Any CPU
		{58B271F9-0F94-42B6-8BDE-C5D5DE723BA1}.Release|Any CPU.Build.0 = Release|Any CPU
		{BD71B8EC-6E1C-4462-8623-E2FCFDBDB9D4}.Debug|Any CPU.ActiveCfg = Debug|Any CPU
		{BD71B8EC-6E1C-4462-8623-E2FCFDBDB9D4}.Debug|Any CPU.Build.0 = Debug|Any CPU
		{BD71B8EC-6E1C-4462-8623-E2FCFDBDB9D4}.Release|Any CPU.ActiveCfg = Release|Any CPU
		{BD71B8EC-6E1C-4462-8623-E2FCFDBDB9D4}.Release|Any CPU.Build.0 = Release|Any CPU
		{1F94A760-D57C-4101-A9B8-85B998FC0EAD}.Debug|Any CPU.ActiveCfg = Debug|Any CPU
		{1F94A760-D57C-4101-A9B8-85B998FC0EAD}.Debug|Any CPU.Build.0 = Debug|Any CPU
		{1F94A760-D57C-4101-A9B8-85B998FC0EAD}.Release|Any CPU.ActiveCfg = Release|Any CPU
		{1F94A760-D57C-4101-A9B8-85B998FC0EAD}.Release|Any CPU.Build.0 = Release|Any CPU
		{16BB0926-2EA8-4D1E-95D9-ABE3D08E6814}.Debug|Any CPU.ActiveCfg = Debug|Any CPU
		{16BB0926-2EA8-4D1E-95D9-ABE3D08E6814}.Debug|Any CPU.Build.0 = Debug|Any CPU
		{16BB0926-2EA8-4D1E-95D9-ABE3D08E6814}.Release|Any CPU.ActiveCfg = Release|Any CPU
		{16BB0926-2EA8-4D1E-95D9-ABE3D08E6814}.Release|Any CPU.Build.0 = Release|Any CPU
		{10465751-1BC9-430A-ABF3-07F0AE0B4B82}.Debug|Any CPU.ActiveCfg = Debug|Any CPU
		{10465751-1BC9-430A-ABF3-07F0AE0B4B82}.Debug|Any CPU.Build.0 = Debug|Any CPU
		{10465751-1BC9-430A-ABF3-07F0AE0B4B82}.Release|Any CPU.ActiveCfg = Release|Any CPU
		{10465751-1BC9-430A-ABF3-07F0AE0B4B82}.Release|Any CPU.Build.0 = Release|Any CPU
		{200276AA-4C31-4B1D-977A-B375A3B9C1EC}.Debug|Any CPU.ActiveCfg = Debug|Any CPU
		{200276AA-4C31-4B1D-977A-B375A3B9C1EC}.Debug|Any CPU.Build.0 = Debug|Any CPU
		{200276AA-4C31-4B1D-977A-B375A3B9C1EC}.Release|Any CPU.ActiveCfg = Release|Any CPU
		{200276AA-4C31-4B1D-977A-B375A3B9C1EC}.Release|Any CPU.Build.0 = Release|Any CPU
		{066B7B68-8AEF-4D37-8FEA-CACE951E0C19}.Debug|Any CPU.ActiveCfg = Debug|Any CPU
		{066B7B68-8AEF-4D37-8FEA-CACE951E0C19}.Debug|Any CPU.Build.0 = Debug|Any CPU
		{066B7B68-8AEF-4D37-8FEA-CACE951E0C19}.Release|Any CPU.ActiveCfg = Release|Any CPU
		{066B7B68-8AEF-4D37-8FEA-CACE951E0C19}.Release|Any CPU.Build.0 = Release|Any CPU
		{C46E4C26-4A03-478A-BEAB-28623DC7E04C}.Debug|Any CPU.ActiveCfg = Debug|Any CPU
		{C46E4C26-4A03-478A-BEAB-28623DC7E04C}.Debug|Any CPU.Build.0 = Debug|Any CPU
		{C46E4C26-4A03-478A-BEAB-28623DC7E04C}.Release|Any CPU.ActiveCfg = Release|Any CPU
		{C46E4C26-4A03-478A-BEAB-28623DC7E04C}.Release|Any CPU.Build.0 = Release|Any CPU
		{CF784447-EEA4-4E9C-8C32-299E9FE53502}.Debug|Any CPU.ActiveCfg = Debug|Any CPU
		{CF784447-EEA4-4E9C-8C32-299E9FE53502}.Debug|Any CPU.Build.0 = Debug|Any CPU
		{CF784447-EEA4-4E9C-8C32-299E9FE53502}.Release|Any CPU.ActiveCfg = Release|Any CPU
		{CF784447-EEA4-4E9C-8C32-299E9FE53502}.Release|Any CPU.Build.0 = Release|Any CPU
	EndGlobalSection
	GlobalSection(SolutionProperties) = preSolution
		HideSolutionNode = FALSE
	EndGlobalSection
	GlobalSection(NestedProjects) = preSolution
		{FC423EB8-6017-4694-AE4A-BE6E19286D1C} = {0B395F16-F05F-4739-BFCB-640ADD1BE5AF}
		{2DFCC956-91E9-4A96-9243-0E858EAC7D00} = {FC423EB8-6017-4694-AE4A-BE6E19286D1C}
		{5F42A3A8-B3D2-40C0-8049-377ACC1C5D13} = {FC423EB8-6017-4694-AE4A-BE6E19286D1C}
		{40CB3CE4-02F5-4FC7-A1F2-1DD74FBF4D4F} = {FC423EB8-6017-4694-AE4A-BE6E19286D1C}
		{5CBB9D2F-177F-48DD-B228-342E3C9D4D71} = {FC423EB8-6017-4694-AE4A-BE6E19286D1C}
		{148CE832-8332-4AF5-B661-DF18672760C7} = {FC423EB8-6017-4694-AE4A-BE6E19286D1C}
		{2543997C-6D25-4C92-AFA6-2E55C672C2F1} = {FC423EB8-6017-4694-AE4A-BE6E19286D1C}
		{53DA41DE-3295-4654-AFA0-2E666F91058A} = {0B395F16-F05F-4739-BFCB-640ADD1BE5AF}
		{1027E3DE-00F1-4271-AB99-9FECA4F33D2D} = {53DA41DE-3295-4654-AFA0-2E666F91058A}
		{42630806-9290-4051-AFCB-75D036DF8450} = {53DA41DE-3295-4654-AFA0-2E666F91058A}
		{A7495263-367E-41D4-BDF1-B6F15461A57C} = {53DA41DE-3295-4654-AFA0-2E666F91058A}
		{77E3E73E-B9CC-439B-973A-8F8910D34971} = {53DA41DE-3295-4654-AFA0-2E666F91058A}
		{83AE8EFC-EEE0-46A8-9864-74CD39B231C9} = {53DA41DE-3295-4654-AFA0-2E666F91058A}
		{52FC18DB-20C3-469B-9EC9-B49767007CA1} = {0B395F16-F05F-4739-BFCB-640ADD1BE5AF}
		{9E087743-CB23-423C-8CB0-822013F708E2} = {52FC18DB-20C3-469B-9EC9-B49767007CA1}
		{7D4E2845-139B-45DE-9E59-5DFFE5AB29D6} = {52FC18DB-20C3-469B-9EC9-B49767007CA1}
		{786F4042-7F4B-4107-92AA-9CFB90473B5C} = {52FC18DB-20C3-469B-9EC9-B49767007CA1}
		{AC02F193-1A49-48D2-B9C4-31994FB9C021} = {52FC18DB-20C3-469B-9EC9-B49767007CA1}
		{36257E80-7B33-4951-B773-5A0A510E6D17} = {0B395F16-F05F-4739-BFCB-640ADD1BE5AF}
		{89FBF529-750B-4D55-B569-5D04151681FC} = {36257E80-7B33-4951-B773-5A0A510E6D17}
		{929AEF2A-DC22-4BD9-B699-C67959EB0027} = {36257E80-7B33-4951-B773-5A0A510E6D17}
		{E967AD6D-A372-49F1-90D6-4A0A4D4C3731} = {36257E80-7B33-4951-B773-5A0A510E6D17}
		{139828DE-B6C2-43BD-B495-8589E855AF7A} = {36257E80-7B33-4951-B773-5A0A510E6D17}
		{BEE7766D-517F-4D8A-B2D5-F1E20C2CE987} = {36257E80-7B33-4951-B773-5A0A510E6D17}
		{AF17BC7D-DF9D-402A-9EC7-FAFC704C7FCD} = {36257E80-7B33-4951-B773-5A0A510E6D17}
		{EE3DCCBC-6273-4519-8044-3C8151C54BC6} = {0B395F16-F05F-4739-BFCB-640ADD1BE5AF}
		{D6B916A3-DA45-4AED-BECC-F3162B4CDC8E} = {EE3DCCBC-6273-4519-8044-3C8151C54BC6}
		{ADDCE9D7-BDEF-44FC-BB92-9CD17CEF51A6} = {EE3DCCBC-6273-4519-8044-3C8151C54BC6}
		{AC9B84FE-0E90-4C04-B380-F76AD1F855E8} = {EE3DCCBC-6273-4519-8044-3C8151C54BC6}
		{9916806F-445A-425D-8085-63C359B64058} = {EE3DCCBC-6273-4519-8044-3C8151C54BC6}
		{BAB77CA4-6C5B-45E2-A38E-4C2F153DBAE6} = {EE3DCCBC-6273-4519-8044-3C8151C54BC6}
		{16051357-66F1-4325-9875-A6EC1F41445E} = {EE3DCCBC-6273-4519-8044-3C8151C54BC6}
		{8C0C2912-9C46-458D-BF55-B4309DA82855} = {EE3DCCBC-6273-4519-8044-3C8151C54BC6}
		{3F3A4C74-F218-465F-AC0D-F3BA25ABA771} = {19CCD4A6-C41C-4D86-9051-78C0319E8631}
		{0C29894A-28BC-4216-AFFB-E05D8F7517EC} = {3F3A4C74-F218-465F-AC0D-F3BA25ABA771}
		{FA30D16A-8912-418B-AA49-B984DCF7DD68} = {3F3A4C74-F218-465F-AC0D-F3BA25ABA771}
		{5D8899B5-B27E-4D72-AB36-36D14AC78994} = {3F3A4C74-F218-465F-AC0D-F3BA25ABA771}
		{30752D98-71B3-4E5F-A9FF-4D70393C22FA} = {3F3A4C74-F218-465F-AC0D-F3BA25ABA771}
		{4C681B6B-3C48-45C5-B91F-766DA932D827} = {3F3A4C74-F218-465F-AC0D-F3BA25ABA771}
		{7C07EA68-9B6B-41C6-8C38-2A72B8DE3D12} = {3F3A4C74-F218-465F-AC0D-F3BA25ABA771}
		{DF7251A9-7477-4A7B-AC21-8A4D54BB72B3} = {19CCD4A6-C41C-4D86-9051-78C0319E8631}
		{779A0C58-B393-4AEE-9EA0-79B63E12DF46} = {DF7251A9-7477-4A7B-AC21-8A4D54BB72B3}
		{23B2C2BC-24BD-4C6F-B3D0-B17DFA8D22B5} = {DF7251A9-7477-4A7B-AC21-8A4D54BB72B3}
		{CBD971EB-BA18-4D97-9B82-00323650EB5F} = {DF7251A9-7477-4A7B-AC21-8A4D54BB72B3}
		{3AAD350E-6F78-4C85-BEAE-63EB0B335654} = {DF7251A9-7477-4A7B-AC21-8A4D54BB72B3}
		{298B955E-D28B-4C31-96D9-AF98259DD264} = {DF7251A9-7477-4A7B-AC21-8A4D54BB72B3}
		{9E619E2E-0A44-425B-9B92-B23882A58740} = {19CCD4A6-C41C-4D86-9051-78C0319E8631}
		{A73B2D56-13CB-4B6B-B766-F44DDF0A62DF} = {9E619E2E-0A44-425B-9B92-B23882A58740}
		{A4FE1333-4C76-4511-96E3-31740C2499B1} = {9E619E2E-0A44-425B-9B92-B23882A58740}
		{74575EF6-CFF3-4EAF-8FAF-12958A2E9457} = {9E619E2E-0A44-425B-9B92-B23882A58740}
		{0ADBFFD4-09EF-46A3-AEE0-98793BAF5139} = {9E619E2E-0A44-425B-9B92-B23882A58740}
		{758E2DDD-F98D-4058-BF80-3C150E775A75} = {19CCD4A6-C41C-4D86-9051-78C0319E8631}
		{BD34E613-27D4-4335-95DF-A96A64670F1A} = {758E2DDD-F98D-4058-BF80-3C150E775A75}
		{40E8C109-28FA-4EDF-86CE-56D4C9028380} = {758E2DDD-F98D-4058-BF80-3C150E775A75}
		{668CBC39-16A7-4782-BA13-1923AAC2732E} = {758E2DDD-F98D-4058-BF80-3C150E775A75}
		{58B271F9-0F94-42B6-8BDE-C5D5DE723BA1} = {758E2DDD-F98D-4058-BF80-3C150E775A75}
		{BD71B8EC-6E1C-4462-8623-E2FCFDBDB9D4} = {758E2DDD-F98D-4058-BF80-3C150E775A75}
		{1F94A760-D57C-4101-A9B8-85B998FC0EAD} = {758E2DDD-F98D-4058-BF80-3C150E775A75}
		{A50C15DD-A0A7-4D43-A8E8-CF30FA5CF3E1} = {19CCD4A6-C41C-4D86-9051-78C0319E8631}
		{16BB0926-2EA8-4D1E-95D9-ABE3D08E6814} = {A50C15DD-A0A7-4D43-A8E8-CF30FA5CF3E1}
		{10465751-1BC9-430A-ABF3-07F0AE0B4B82} = {A50C15DD-A0A7-4D43-A8E8-CF30FA5CF3E1}
		{200276AA-4C31-4B1D-977A-B375A3B9C1EC} = {A50C15DD-A0A7-4D43-A8E8-CF30FA5CF3E1}
		{066B7B68-8AEF-4D37-8FEA-CACE951E0C19} = {A50C15DD-A0A7-4D43-A8E8-CF30FA5CF3E1}
		{C46E4C26-4A03-478A-BEAB-28623DC7E04C} = {A50C15DD-A0A7-4D43-A8E8-CF30FA5CF3E1}
		{CF784447-EEA4-4E9C-8C32-299E9FE53502} = {A50C15DD-A0A7-4D43-A8E8-CF30FA5CF3E1}
	EndGlobalSection
	GlobalSection(ExtensibilityGlobals) = postSolution
		SolutionGuid = {50A36322-F6BE-446A-A811-ED5C2A63E695}
	EndGlobalSection
EndGlobal
